
Microsoft Visual Studio Solution File, Format Version 12.00
# Visual Studio Version 16
VisualStudioVersion = 16.0.30711.63
MinimumVisualStudioVersion = 10.0.40219.1
Project("{FAE04EC0-301F-11D3-BF4B-00C04F79EFBC}") = "WebApiTemplate", "WebApiTemplate.csproj", "{A16A7B46-3BD3-482D-B945-A9BA9C7C56BB}"
EndProject
Global
	GlobalSection(SolutionConfigurationPlatforms) = preSolution
		Debug|Any CPU = Debug|Any CPU
		Release|Any CPU = Release|Any CPU
	EndGlobalSection
	GlobalSection(ProjectConfigurationPlatforms) = postSolution
		{A16A7B46-3BD3-482D-B945-A9BA9C7C56BB}.Debug|Any CPU.ActiveCfg = Debug|Any CPU
		{A16A7B46-3BD3-482D-B945-A9BA9C7C56BB}.Debug|Any CPU.Build.0 = Debug|Any CPU
		{A16A7B46-3BD3-482D-B945-A9BA9C7C56BB}.Release|Any CPU.ActiveCfg = Release|Any CPU
		{A16A7B46-3BD3-482D-B945-A9BA9C7C56BB}.Release|Any CPU.Build.0 = Release|Any CPU
	EndGlobalSection
	GlobalSection(SolutionProperties) = preSolution
		HideSolutionNode = FALSE
	EndGlobalSection
	GlobalSection(ExtensibilityGlobals) = postSolution
		SolutionGuid = {FAC9850C-1C91-45E5-91A2-3297FB394A2C}
	EndGlobalSection
EndGlobal
